{
    "name": "raw-nodejs",
    "version": "0.0.0",
    "lockfileVersion": 2,
    "requires": true,
    "packages": {
        "": {
            "name": "raw-nodejs",
            "version": "0.0.0",
            "license": "MIT",
            "bin": {
                "raw-nodejs": "bin/skeleton"
            }
        }
    }
}
